// !$*UTF8*$!
{
	archiveVersion = 1;
	classes = {
	};
	objectVersion = 56;
	objects = {

/* Begin PBXBuildFile section */
		D6D010252AC6C60800EC51FB /* AppDelegate.swift in Sources */ = {isa = PBXBuildFile; fileRef = D6D010242AC6C60800EC51FB /* AppDelegate.swift */; };
		D6D010272AC6C60800EC51FB /* SceneDelegate.swift in Sources */ = {isa = PBXBuildFile; fileRef = D6D010262AC6C60800EC51FB /* SceneDelegate.swift */; };
		D6D0102E2AC6C60900EC51FB /* Assets.xcassets in Resources */ = {isa = PBXBuildFile; fileRef = D6D0102D2AC6C60900EC51FB /* Assets.xcassets */; };
		D6D010312AC6C60900EC51FB /* LaunchScreen.storyboard in Resources */ = {isa = PBXBuildFile; fileRef = D6D0102F2AC6C60900EC51FB /* LaunchScreen.storyboard */; };
		D6D0103C2AC6C60900EC51FB /* Base_ProjectTests.swift in Sources */ = {isa = PBXBuildFile; fileRef = D6D0103B2AC6C60900EC51FB /* Base_ProjectTests.swift */; };
		D6D010462AC6C60900EC51FB /* Base_ProjectUITests.swift in Sources */ = {isa = PBXBuildFile; fileRef = D6D010452AC6C60900EC51FB /* Base_ProjectUITests.swift */; };
		D6D010482AC6C60900EC51FB /* Base_ProjectUITestsLaunchTests.swift in Sources */ = {isa = PBXBuildFile; fileRef = D6D010472AC6C60900EC51FB /* Base_ProjectUITestsLaunchTests.swift */; };
		D6D0105B2AC6DF4E00EC51FB /* FeaturesAViewController.xib in Resources */ = {isa = PBXBuildFile; fileRef = D6D0105A2AC6DF4E00EC51FB /* FeaturesAViewController.xib */; };
		D6D0105D2AC6DF5D00EC51FB /* FeaturesAViewController.swift in Sources */ = {isa = PBXBuildFile; fileRef = D6D0105C2AC6DF5D00EC51FB /* FeaturesAViewController.swift */; };
		D6D010602AC6E1C900EC51FB /* FeaturesBViewController.swift in Sources */ = {isa = PBXBuildFile; fileRef = D6D0105F2AC6E1C900EC51FB /* FeaturesBViewController.swift */; };
		D6D010622AC6E1EB00EC51FB /* FeaturesBViewController.xib in Resources */ = {isa = PBXBuildFile; fileRef = D6D010612AC6E1EB00EC51FB /* FeaturesBViewController.xib */; };
/* End PBXBuildFile section */

/* Begin PBXContainerItemProxy section */
		D6D010382AC6C60900EC51FB /* PBXContainerItemProxy */ = {
			isa = PBXContainerItemProxy;
			containerPortal = D6D010192AC6C60800EC51FB /* Project object */;
			proxyType = 1;
			remoteGlobalIDString = D6D010202AC6C60800EC51FB;
			remoteInfo = "Base Project";
		};
		D6D010422AC6C60900EC51FB /* PBXContainerItemProxy */ = {
			isa = PBXContainerItemProxy;
			containerPortal = D6D010192AC6C60800EC51FB /* Project object */;
			proxyType = 1;
			remoteGlobalIDString = D6D010202AC6C60800EC51FB;
			remoteInfo = "Base Project";
		};
/* End PBXContainerItemProxy section */

/* Begin PBXFileReference section */
		D6D010212AC6C60800EC51FB /* Base Project.app */ = {isa = PBXFileReference; explicitFileType = wrapper.application; includeInIndex = 0; path = "Base Project.app"; sourceTree = BUILT_PRODUCTS_DIR; };
		D6D010242AC6C60800EC51FB /* AppDelegate.swift */ = {isa = PBXFileReference; lastKnownFileType = sourcecode.swift; path = AppDelegate.swift; sourceTree = "<group>"; };
		D6D010262AC6C60800EC51FB /* SceneDelegate.swift */ = {isa = PBXFileReference; lastKnownFileType = sourcecode.swift; path = SceneDelegate.swift; sourceTree = "<group>"; };
		D6D0102D2AC6C60900EC51FB /* Assets.xcassets */ = {isa = PBXFileReference; lastKnownFileType = folder.assetcatalog; path = Assets.xcassets; sourceTree = "<group>"; };
		D6D010302AC6C60900EC51FB /* Base */ = {isa = PBXFileReference; lastKnownFileType = file.storyboard; name = Base; path = Base.lproj/LaunchScreen.storyboard; sourceTree = "<group>"; };
		D6D010322AC6C60900EC51FB /* Info.plist */ = {isa = PBXFileReference; lastKnownFileType = text.plist.xml; path = Info.plist; sourceTree = "<group>"; };
		D6D010372AC6C60900EC51FB /* Base ProjectTests.xctest */ = {isa = PBXFileReference; explicitFileType = wrapper.cfbundle; includeInIndex = 0; path = "Base ProjectTests.xctest"; sourceTree = BUILT_PRODUCTS_DIR; };
		D6D0103B2AC6C60900EC51FB /* Base_ProjectTests.swift */ = {isa = PBXFileReference; lastKnownFileType = sourcecode.swift; path = Base_ProjectTests.swift; sourceTree = "<group>"; };
		D6D010412AC6C60900EC51FB /* Base ProjectUITests.xctest */ = {isa = PBXFileReference; explicitFileType = wrapper.cfbundle; includeInIndex = 0; path = "Base ProjectUITests.xctest"; sourceTree = BUILT_PRODUCTS_DIR; };
		D6D010452AC6C60900EC51FB /* Base_ProjectUITests.swift */ = {isa = PBXFileReference; lastKnownFileType = sourcecode.swift; path = Base_ProjectUITests.swift; sourceTree = "<group>"; };
		D6D010472AC6C60900EC51FB /* Base_ProjectUITestsLaunchTests.swift */ = {isa = PBXFileReference; lastKnownFileType = sourcecode.swift; path = Base_ProjectUITestsLaunchTests.swift; sourceTree = "<group>"; };
		D6D0105A2AC6DF4E00EC51FB /* FeaturesAViewController.xib */ = {isa = PBXFileReference; lastKnownFileType = file.xib; path = FeaturesAViewController.xib; sourceTree = "<group>"; };
		D6D0105C2AC6DF5D00EC51FB /* FeaturesAViewController.swift */ = {isa = PBXFileReference; lastKnownFileType = sourcecode.swift; path = FeaturesAViewController.swift; sourceTree = "<group>"; };
		D6D0105F2AC6E1C900EC51FB /* FeaturesBViewController.swift */ = {isa = PBXFileReference; lastKnownFileType = sourcecode.swift; path = FeaturesBViewController.swift; sourceTree = "<group>"; };
		D6D010612AC6E1EB00EC51FB /* FeaturesBViewController.xib */ = {isa = PBXFileReference; lastKnownFileType = file.xib; path = FeaturesBViewController.xib; sourceTree = "<group>"; };
/* End PBXFileReference section */

/* Begin PBXFrameworksBuildPhase section */
		D6D0101E2AC6C60800EC51FB /* Frameworks */ = {
			isa = PBXFrameworksBuildPhase;
			buildActionMask = 2147483647;
			files = (
			);
			runOnlyForDeploymentPostprocessing = 0;
		};
		D6D010342AC6C60900EC51FB /* Frameworks */ = {
			isa = PBXFrameworksBuildPhase;
			buildActionMask = 2147483647;
			files = (
			);
			runOnlyForDeploymentPostprocessing = 0;
		};
		D6D0103E2AC6C60900EC51FB /* Frameworks */ = {
			isa = PBXFrameworksBuildPhase;
			buildActionMask = 2147483647;
			files = (
			);
			runOnlyForDeploymentPostprocessing = 0;
		};
/* End PBXFrameworksBuildPhase section */

/* Begin PBXGroup section */
		D6D010182AC6C60800EC51FB = {
			isa = PBXGroup;
			children = (
				D6D010232AC6C60800EC51FB /* Base Project */,
				D6D0103A2AC6C60900EC51FB /* Base ProjectTests */,
				D6D010442AC6C60900EC51FB /* Base ProjectUITests */,
				D6D010222AC6C60800EC51FB /* Products */,
			);
			sourceTree = "<group>";
		};
		D6D010222AC6C60800EC51FB /* Products */ = {
			isa = PBXGroup;
			children = (
				D6D010212AC6C60800EC51FB /* Base Project.app */,
				D6D010372AC6C60900EC51FB /* Base ProjectTests.xctest */,
				D6D010412AC6C60900EC51FB /* Base ProjectUITests.xctest */,
			);
			name = Products;
			sourceTree = "<group>";
		};
		D6D010232AC6C60800EC51FB /* Base Project */ = {
			isa = PBXGroup;
			children = (
				D6D010572AC6DB6000EC51FB /* Bootstrap */,
				D6D010562AC6DB5000EC51FB /* Presenter */,
				D6D010582AC6DBC900EC51FB /* Resources */,
			);
			path = "Base Project";
			sourceTree = "<group>";
		};
		D6D0103A2AC6C60900EC51FB /* Base ProjectTests */ = {
			isa = PBXGroup;
			children = (
				D6D0103B2AC6C60900EC51FB /* Base_ProjectTests.swift */,
			);
			path = "Base ProjectTests";
			sourceTree = "<group>";
		};
		D6D010442AC6C60900EC51FB /* Base ProjectUITests */ = {
			isa = PBXGroup;
			children = (
				D6D010452AC6C60900EC51FB /* Base_ProjectUITests.swift */,
				D6D010472AC6C60900EC51FB /* Base_ProjectUITestsLaunchTests.swift */,
			);
			path = "Base ProjectUITests";
			sourceTree = "<group>";
		};
		D6D010562AC6DB5000EC51FB /* Presenter */ = {
			isa = PBXGroup;
			children = (
				D6D0105E2AC6E1B100EC51FB /* Features B */,
				D6D010592AC6DF3400EC51FB /* Features A */,
			);
			path = Presenter;
			sourceTree = "<group>";
		};
		D6D010572AC6DB6000EC51FB /* Bootstrap */ = {
			isa = PBXGroup;
			children = (
				D6D010242AC6C60800EC51FB /* AppDelegate.swift */,
				D6D010262AC6C60800EC51FB /* SceneDelegate.swift */,
				D6D0102F2AC6C60900EC51FB /* LaunchScreen.storyboard */,
			);
			path = Bootstrap;
			sourceTree = "<group>";
		};
		D6D010582AC6DBC900EC51FB /* Resources */ = {
			isa = PBXGroup;
			children = (
				D6D0102D2AC6C60900EC51FB /* Assets.xcassets */,
				D6D010322AC6C60900EC51FB /* Info.plist */,
			);
			path = Resources;
			sourceTree = "<group>";
		};
		D6D010592AC6DF3400EC51FB /* Features A */ = {
			isa = PBXGroup;
			children = (
				D6D0105C2AC6DF5D00EC51FB /* FeaturesAViewController.swift */,
				D6D0105A2AC6DF4E00EC51FB /* FeaturesAViewController.xib */,
			);
			path = "Features A";
			sourceTree = "<group>";
		};
		D6D0105E2AC6E1B100EC51FB /* Features B */ = {
			isa = PBXGroup;
			children = (
				D6D0105F2AC6E1C900EC51FB /* FeaturesBViewController.swift */,
				D6D010612AC6E1EB00EC51FB /* FeaturesBViewController.xib */,
			);
			path = "Features B";
			sourceTree = "<group>";
		};
/* End PBXGroup section */

/* Begin PBXNativeTarget section */
		D6D010202AC6C60800EC51FB /* Base Project */ = {
			isa = PBXNativeTarget;
			buildConfigurationList = D6D0104B2AC6C60900EC51FB /* Build configuration list for PBXNativeTarget "Base Project" */;
			buildPhases = (
				D6D0101D2AC6C60800EC51FB /* Sources */,
				D6D0101E2AC6C60800EC51FB /* Frameworks */,
				D6D0101F2AC6C60800EC51FB /* Resources */,
			);
			buildRules = (
			);
			dependencies = (
			);
			name = "Base Project";
			productName = "Base Project";
			productReference = D6D010212AC6C60800EC51FB /* Base Project.app */;
			productType = "com.apple.product-type.application";
		};
		D6D010362AC6C60900EC51FB /* Base ProjectTests */ = {
			isa = PBXNativeTarget;
			buildConfigurationList = D6D0104E2AC6C60900EC51FB /* Build configuration list for PBXNativeTarget "Base ProjectTests" */;
			buildPhases = (
				D6D010332AC6C60900EC51FB /* Sources */,
				D6D010342AC6C60900EC51FB /* Frameworks */,
				D6D010352AC6C60900EC51FB /* Resources */,
			);
			buildRules = (
			);
			dependencies = (
				D6D010392AC6C60900EC51FB /* PBXTargetDependency */,
			);
			name = "Base ProjectTests";
			productName = "Base ProjectTests";
			productReference = D6D010372AC6C60900EC51FB /* Base ProjectTests.xctest */;
			productType = "com.apple.product-type.bundle.unit-test";
		};
		D6D010402AC6C60900EC51FB /* Base ProjectUITests */ = {
			isa = PBXNativeTarget;
			buildConfigurationList = D6D010512AC6C60900EC51FB /* Build configuration list for PBXNativeTarget "Base ProjectUITests" */;
			buildPhases = (
				D6D0103D2AC6C60900EC51FB /* Sources */,
				D6D0103E2AC6C60900EC51FB /* Frameworks */,
				D6D0103F2AC6C60900EC51FB /* Resources */,
			);
			buildRules = (
			);
			dependencies = (
				D6D010432AC6C60900EC51FB /* PBXTargetDependency */,
			);
			name = "Base ProjectUITests";
			productName = "Base ProjectUITests";
			productReference = D6D010412AC6C60900EC51FB /* Base ProjectUITests.xctest */;
			productType = "com.apple.product-type.bundle.ui-testing";
		};
/* End PBXNativeTarget section */

/* Begin PBXProject section */
		D6D010192AC6C60800EC51FB /* Project object */ = {
			isa = PBXProject;
			attributes = {
				BuildIndependentTargetsInParallel = 1;
				LastSwiftUpdateCheck = 1500;
				LastUpgradeCheck = 1500;
				TargetAttributes = {
					D6D010202AC6C60800EC51FB = {
						CreatedOnToolsVersion = 15.0;
					};
					D6D010362AC6C60900EC51FB = {
						CreatedOnToolsVersion = 15.0;
						TestTargetID = D6D010202AC6C60800EC51FB;
					};
					D6D010402AC6C60900EC51FB = {
						CreatedOnToolsVersion = 15.0;
						TestTargetID = D6D010202AC6C60800EC51FB;
					};
				};
			};
			buildConfigurationList = D6D0101C2AC6C60800EC51FB /* Build configuration list for PBXProject "Base Project" */;
			compatibilityVersion = "Xcode 14.0";
			developmentRegion = en;
			hasScannedForEncodings = 0;
			knownRegions = (
				en,
				Base,
			);
			mainGroup = D6D010182AC6C60800EC51FB;
			productRefGroup = D6D010222AC6C60800EC51FB /* Products */;
			projectDirPath = "";
			projectRoot = "";
			targets = (
				D6D010202AC6C60800EC51FB /* Base Project */,
				D6D010362AC6C60900EC51FB /* Base ProjectTests */,
				D6D010402AC6C60900EC51FB /* Base ProjectUITests */,
			);
		};
/* End PBXProject section */

/* Begin PBXResourcesBuildPhase section */
		D6D0101F2AC6C60800EC51FB /* Resources */ = {
			isa = PBXResourcesBuildPhase;
			buildActionMask = 2147483647;
			files = (
				D6D010622AC6E1EB00EC51FB /* FeaturesBViewController.xib in Resources */,
				D6D010312AC6C60900EC51FB /* LaunchScreen.storyboard in Resources */,
				D6D0105B2AC6DF4E00EC51FB /* FeaturesAViewController.xib in Resources */,
				D6D0102E2AC6C60900EC51FB /* Assets.xcassets in Resources */,
			);
			runOnlyForDeploymentPostprocessing = 0;
		};
		D6D010352AC6C60900EC51FB /* Resources */ = {
			isa = PBXResourcesBuildPhase;
			buildActionMask = 2147483647;
			files = (
			);
			runOnlyForDeploymentPostprocessing = 0;
		};
		D6D0103F2AC6C60900EC51FB /* Resources */ = {
			isa = PBXResourcesBuildPhase;
			buildActionMask = 2147483647;
			files = (
			);
			runOnlyForDeploymentPostprocessing = 0;
		};
/* End PBXResourcesBuildPhase section */

/* Begin PBXSourcesBuildPhase section */
		D6D0101D2AC6C60800EC51FB /* Sources */ = {
			isa = PBXSourcesBuildPhase;
			buildActionMask = 2147483647;
			files = (
				D6D010602AC6E1C900EC51FB /* FeaturesBViewController.swift in Sources */,
				D6D010252AC6C60800EC51FB /* AppDelegate.swift in Sources */,
				D6D0105D2AC6DF5D00EC51FB /* FeaturesAViewController.swift in Sources */,
				D6D010272AC6C60800EC51FB /* SceneDelegate.swift in Sources */,
			);
			runOnlyForDeploymentPostprocessing = 0;
		};
		D6D010332AC6C60900EC51FB /* Sources */ = {
			isa = PBXSourcesBuildPhase;
			buildActionMask = 2147483647;
			files = (
				D6D0103C2AC6C60900EC51FB /* Base_ProjectTests.swift in Sources */,
			);
			runOnlyForDeploymentPostprocessing = 0;
		};
		D6D0103D2AC6C60900EC51FB /* Sources */ = {
			isa = PBXSourcesBuildPhase;
			buildActionMask = 2147483647;
			files = (
				D6D010462AC6C60900EC51FB /* Base_ProjectUITests.swift in Sources */,
				D6D010482AC6C60900EC51FB /* Base_ProjectUITestsLaunchTests.swift in Sources */,
			);
			runOnlyForDeploymentPostprocessing = 0;
		};
/* End PBXSourcesBuildPhase section */

/* Begin PBXTargetDependency section */
		D6D010392AC6C60900EC51FB /* PBXTargetDependency */ = {
			isa = PBXTargetDependency;
			target = D6D010202AC6C60800EC51FB /* Base Project */;
			targetProxy = D6D010382AC6C60900EC51FB /* PBXContainerItemProxy */;
		};
		D6D010432AC6C60900EC51FB /* PBXTargetDependency */ = {
			isa = PBXTargetDependency;
			target = D6D010202AC6C60800EC51FB /* Base Project */;
			targetProxy = D6D010422AC6C60900EC51FB /* PBXContainerItemProxy */;
		};
/* End PBXTargetDependency section */

/* Begin PBXVariantGroup section */
		D6D0102F2AC6C60900EC51FB /* LaunchScreen.storyboard */ = {
			isa = PBXVariantGroup;
			children = (
				D6D010302AC6C60900EC51FB /* Base */,
			);
			name = LaunchScreen.storyboard;
			sourceTree = "<group>";
		};
/* End PBXVariantGroup section */

/* Begin XCBuildConfiguration section */
		D6D010492AC6C60900EC51FB /* Debug */ = {
			isa = XCBuildConfiguration;
			buildSettings = {
				ALWAYS_SEARCH_USER_PATHS = NO;
				ASSETCATALOG_COMPILER_GENERATE_SWIFT_ASSET_SYMBOL_EXTENSIONS = YES;
				CLANG_ANALYZER_NONNULL = YES;
				CLANG_ANALYZER_NUMBER_OBJECT_CONVERSION = YES_AGGRESSIVE;
				CLANG_CXX_LANGUAGE_STANDARD = "gnu++20";
				CLANG_ENABLE_MODULES = YES;
				CLANG_ENABLE_OBJC_ARC = YES;
				CLANG_ENABLE_OBJC_WEAK = YES;
				CLANG_WARN_BLOCK_CAPTURE_AUTORELEASING = YES;
				CLANG_WARN_BOOL_CONVERSION = YES;
				CLANG_WARN_COMMA = YES;
				CLANG_WARN_CONSTANT_CONVERSION = YES;
				CLANG_WARN_DEPRECATED_OBJC_IMPLEMENTATIONS = YES;
				CLANG_WARN_DIRECT_OBJC_ISA_USAGE = YES_ERROR;
				CLANG_WARN_DOCUMENTATION_COMMENTS = YES;
				CLANG_WARN_EMPTY_BODY = YES;
				CLANG_WARN_ENUM_CONVERSION = YES;
				CLANG_WARN_INFINITE_RECURSION = YES;
				CLANG_WARN_INT_CONVERSION = YES;
				CLANG_WARN_NON_LITERAL_NULL_CONVERSION = YES;
				CLANG_WARN_OBJC_IMPLICIT_RETAIN_SELF = YES;
				CLANG_WARN_OBJC_LITERAL_CONVERSION = YES;
				CLANG_WARN_OBJC_ROOT_CLASS = YES_ERROR;
				CLANG_WARN_QUOTED_INCLUDE_IN_FRAMEWORK_HEADER = YES;
				CLANG_WARN_RANGE_LOOP_ANALYSIS = YES;
				CLANG_WARN_STRICT_PROTOTYPES = YES;
				CLANG_WARN_SUSPICIOUS_MOVE = YES;
				CLANG_WARN_UNGUARDED_AVAILABILITY = YES_AGGRESSIVE;
				CLANG_WARN_UNREACHABLE_CODE = YES;
				CLANG_WARN__DUPLICATE_METHOD_MATCH = YES;
				COPY_PHASE_STRIP = NO;
				DEBUG_INFORMATION_FORMAT = dwarf;
				ENABLE_STRICT_OBJC_MSGSEND = YES;
				ENABLE_TESTABILITY = YES;
				ENABLE_USER_SCRIPT_SANDBOXING = YES;
				GCC_C_LANGUAGE_STANDARD = gnu17;
				GCC_DYNAMIC_NO_PIC = NO;
				GCC_NO_COMMON_BLOCKS = YES;
				GCC_OPTIMIZATION_LEVEL = 0;
				GCC_PREPROCESSOR_DEFINITIONS = (
					"DEBUG=1",
					"$(inherited)",
				);
				GCC_WARN_64_TO_32_BIT_CONVERSION = YES;
				GCC_WARN_ABOUT_RETURN_TYPE = YES_ERROR;
				GCC_WARN_UNDECLARED_SELECTOR = YES;
				GCC_WARN_UNINITIALIZED_AUTOS = YES_AGGRESSIVE;
				GCC_WARN_UNUSED_FUNCTION = YES;
				GCC_WARN_UNUSED_VARIABLE = YES;
				IPHONEOS_DEPLOYMENT_TARGET = 17.0;
				LOCALIZATION_PREFERS_STRING_CATALOGS = YES;
				MTL_ENABLE_DEBUG_INFO = INCLUDE_SOURCE;
				MTL_FAST_MATH = YES;
				ONLY_ACTIVE_ARCH = YES;
				SDKROOT = iphoneos;
				SWIFT_ACTIVE_COMPILATION_CONDITIONS = "DEBUG $(inherited)";
				SWIFT_OPTIMIZATION_LEVEL = "-Onone";
			};
			name = Debug;
		};
		D6D0104A2AC6C60900EC51FB /* Release */ = {
			isa = XCBuildConfiguration;
			buildSettings = {
				ALWAYS_SEARCH_USER_PATHS = NO;
				ASSETCATALOG_COMPILER_GENERATE_SWIFT_ASSET_SYMBOL_EXTENSIONS = YES;
				CLANG_ANALYZER_NONNULL = YES;
				CLANG_ANALYZER_NUMBER_OBJECT_CONVERSION = YES_AGGRESSIVE;
				CLANG_CXX_LANGUAGE_STANDARD = "gnu++20";
				CLANG_ENABLE_MODULES = YES;
				CLANG_ENABLE_OBJC_ARC = YES;
				CLANG_ENABLE_OBJC_WEAK = YES;
				CLANG_WARN_BLOCK_CAPTURE_AUTORELEASING = YES;
				CLANG_WARN_BOOL_CONVERSION = YES;
				CLANG_WARN_COMMA = YES;
				CLANG_WARN_CONSTANT_CONVERSION = YES;
				CLANG_WARN_DEPRECATED_OBJC_IMPLEMENTATIONS = YES;
				CLANG_WARN_DIRECT_OBJC_ISA_USAGE = YES_ERROR;
				CLANG_WARN_DOCUMENTATION_COMMENTS = YES;
				CLANG_WARN_EMPTY_BODY = YES;
				CLANG_WARN_ENUM_CONVERSION = YES;
				CLANG_WARN_INFINITE_RECURSION = YES;
				CLANG_WARN_INT_CONVERSION = YES;
				CLANG_WARN_NON_LITERAL_NULL_CONVERSION = YES;
				CLANG_WARN_OBJC_IMPLICIT_RETAIN_SELF = YES;
				CLANG_WARN_OBJC_LITERAL_CONVERSION = YES;
				CLANG_WARN_OBJC_ROOT_CLASS = YES_ERROR;
				CLANG_WARN_QUOTED_INCLUDE_IN_FRAMEWORK_HEADER = YES;
				CLANG_WARN_RANGE_LOOP_ANALYSIS = YES;
				CLANG_WARN_STRICT_PROTOTYPES = YES;
				CLANG_WARN_SUSPICIOUS_MOVE = YES;
				CLANG_WARN_UNGUARDED_AVAILABILITY = YES_AGGRESSIVE;
				CLANG_WARN_UNREACHABLE_CODE = YES;
				CLANG_WARN__DUPLICATE_METHOD_MATCH = YES;
				COPY_PHASE_STRIP = NO;
				DEBUG_INFORMATION_FORMAT = "dwarf-with-dsym";
				ENABLE_NS_ASSERTIONS = NO;
				ENABLE_STRICT_OBJC_MSGSEND = YES;
				ENABLE_USER_SCRIPT_SANDBOXING = YES;
				GCC_C_LANGUAGE_STANDARD = gnu17;
				GCC_NO_COMMON_BLOCKS = YES;
				GCC_WARN_64_TO_32_BIT_CONVERSION = YES;
				GCC_WARN_ABOUT_RETURN_TYPE = YES_ERROR;
				GCC_WARN_UNDECLARED_SELECTOR = YES;
				GCC_WARN_UNINITIALIZED_AUTOS = YES_AGGRESSIVE;
				GCC_WARN_UNUSED_FUNCTION = YES;
				GCC_WARN_UNUSED_VARIABLE = YES;
				IPHONEOS_DEPLOYMENT_TARGET = 17.0;
				LOCALIZATION_PREFERS_STRING_CATALOGS = YES;
				MTL_ENABLE_DEBUG_INFO = NO;
				MTL_FAST_MATH = YES;
				SDKROOT = iphoneos;
				SWIFT_COMPILATION_MODE = wholemodule;
				VALIDATE_PRODUCT = YES;
			};
			name = Release;
		};
		D6D0104C2AC6C60900EC51FB /* Debug */ = {
			isa = XCBuildConfiguration;
			buildSettings = {
				ASSETCATALOG_COMPILER_APPICON_NAME = AppIcon;
				ASSETCATALOG_COMPILER_GLOBAL_ACCENT_COLOR_NAME = AccentColor;
				CODE_SIGN_STYLE = Automatic;
				CURRENT_PROJECT_VERSION = 1;
				DEVELOPMENT_TEAM = 47BZXPDJKC;
				GENERATE_INFOPLIST_FILE = YES;
				INFOPLIST_FILE = "Base Project/Resources/Info.plist";
				INFOPLIST_KEY_CFBundleDisplayName = "Base Project";
				INFOPLIST_KEY_LSApplicationCategoryType = "public.app-category.productivity";
				INFOPLIST_KEY_UIApplicationSupportsIndirectInputEvents = YES;
				INFOPLIST_KEY_UILaunchStoryboardName = LaunchScreen;
				INFOPLIST_KEY_UISupportedInterfaceOrientations_iPad = "UIInterfaceOrientationPortrait UIInterfaceOrientationPortraitUpsideDown UIInterfaceOrientationLandscapeLeft UIInterfaceOrientationLandscapeRight";
				INFOPLIST_KEY_UISupportedInterfaceOrientations_iPhone = "UIInterfaceOrientationPortrait UIInterfaceOrientationLandscapeLeft UIInterfaceOrientationLandscapeRight";
				LD_RUNPATH_SEARCH_PATHS = (
					"$(inherited)",
					"@executable_path/Frameworks",
				);
				MARKETING_VERSION = 1.0;
				PRODUCT_BUNDLE_IDENTIFIER = "id.pak-eco.Base-Project";
				PRODUCT_NAME = "$(TARGET_NAME)";
				SWIFT_EMIT_LOC_STRINGS = YES;
				SWIFT_VERSION = 5.0;
				TARGETED_DEVICE_FAMILY = "1,2";
			};
			name = Debug;
		};
		D6D0104D2AC6C60900EC51FB /* Release */ = {
			isa = XCBuildConfiguration;
			buildSettings = {
				ASSETCATALOG_COMPILER_APPICON_NAME = AppIcon;
				ASSETCATALOG_COMPILER_GLOBAL_ACCENT_COLOR_NAME = AccentColor;
				CODE_SIGN_STYLE = Automatic;
				CURRENT_PROJECT_VERSION = 1;
				DEVELOPMENT_TEAM = 47BZXPDJKC;
				GENERATE_INFOPLIST_FILE = YES;
				INFOPLIST_FILE = "Base Project/Resources/Info.plist";
				INFOPLIST_KEY_CFBundleDisplayName = "Base Project";
				INFOPLIST_KEY_LSApplicationCategoryType = "public.app-category.productivity";
				INFOPLIST_KEY_UIApplicationSupportsIndirectInputEvents = YES;
				INFOPLIST_KEY_UILaunchStoryboardName = LaunchScreen;
				INFOPLIST_KEY_UISupportedInterfaceOrientations_iPad = "UIInterfaceOrientationPortrait UIInterfaceOrientationPortraitUpsideDown UIInterfaceOrientationLandscapeLeft UIInterfaceOrientationLandscapeRight";
				INFOPLIST_KEY_UISupportedInterfaceOrientations_iPhone = "UIInterfaceOrientationPortrait UIInterfaceOrientationLandscapeLeft UIInterfaceOrientationLandscapeRight";
				LD_RUNPATH_SEARCH_PATHS = (
					"$(inherited)",
					"@executable_path/Frameworks",
				);
				MARKETING_VERSION = 1.0;
				PRODUCT_BUNDLE_IDENTIFIER = "id.pak-eco.Base-Project";
				PRODUCT_NAME = "$(TARGET_NAME)";
				SWIFT_EMIT_LOC_STRINGS = YES;
				SWIFT_VERSION = 5.0;
				TARGETED_DEVICE_FAMILY = "1,2";
			};
			name = Release;
		};
		D6D0104F2AC6C60900EC51FB /* Debug */ = {
			isa = XCBuildConfiguration;
			buildSettings = {
				ALWAYS_EMBED_SWIFT_STANDARD_LIBRARIES = YES;
				BUNDLE_LOADER = "$(TEST_HOST)";
				CODE_SIGN_STYLE = Automatic;
				CURRENT_PROJECT_VERSION = 1;
				DEVELOPMENT_TEAM = 47BZXPDJKC;
				GENERATE_INFOPLIST_FILE = YES;
				IPHONEOS_DEPLOYMENT_TARGET = 17.0;
				MARKETING_VERSION = 1.0;
				PRODUCT_BUNDLE_IDENTIFIER = "id.pak-eco.Base-ProjectTests";
				PRODUCT_NAME = "$(TARGET_NAME)";
				SWIFT_EMIT_LOC_STRINGS = NO;
				SWIFT_VERSION = 5.0;
				TARGETED_DEVICE_FAMILY = "1,2";
				TEST_HOST = "$(BUILT_PRODUCTS_DIR)/Base Project.app/$(BUNDLE_EXECUTABLE_FOLDER_PATH)/Base Project";
			};
			name = Debug;
		};
		D6D010502AC6C60900EC51FB /* Release */ = {
			isa = XCBuildConfiguration;
			buildSettings = {
				ALWAYS_EMBED_SWIFT_STANDARD_LIBRARIES = YES;
				BUNDLE_LOADER = "$(TEST_HOST)";
				CODE_SIGN_STYLE = Automatic;
				CURRENT_PROJECT_VERSION = 1;
				DEVELOPMENT_TEAM = 47BZXPDJKC;
				GENERATE_INFOPLIST_FILE = YES;
				IPHONEOS_DEPLOYMENT_TARGET = 17.0;
				MARKETING_VERSION = 1.0;
				PRODUCT_BUNDLE_IDENTIFIER = "id.pak-eco.Base-ProjectTests";
				PRODUCT_NAME = "$(TARGET_NAME)";
				SWIFT_EMIT_LOC_STRINGS = NO;
				SWIFT_VERSION = 5.0;
				TARGETED_DEVICE_FAMILY = "1,2";
				TEST_HOST = "$(BUILT_PRODUCTS_DIR)/Base Project.app/$(BUNDLE_EXECUTABLE_FOLDER_PATH)/Base Project";
			};
			name = Release;
		};
		D6D010522AC6C60900EC51FB /* Debug */ = {
			isa = XCBuildConfiguration;
			buildSettings = {
				ALWAYS_EMBED_SWIFT_STANDARD_LIBRARIES = YES;
				CODE_SIGN_STYLE = Automatic;
				CURRENT_PROJECT_VERSION = 1;
				DEVELOPMENT_TEAM = 47BZXPDJKC;
				GENERATE_INFOPLIST_FILE = YES;
				MARKETING_VERSION = 1.0;
				PRODUCT_BUNDLE_IDENTIFIER = "id.pak-eco.Base-ProjectUITests";
				PRODUCT_NAME = "$(TARGET_NAME)";
				SWIFT_EMIT_LOC_STRINGS = NO;
				SWIFT_VERSION = 5.0;
				TARGETED_DEVICE_FAMILY = "1,2";
				TEST_TARGET_NAME = "Base Project";
			};
			name = Debug;
		};
		D6D010532AC6C60900EC51FB /* Release */ = {
			isa = XCBuildConfiguration;
			buildSettings = {
				ALWAYS_EMBED_SWIFT_STANDARD_LIBRARIES = YES;
				CODE_SIGN_STYLE = Automatic;
				CURRENT_PROJECT_VERSION = 1;
				DEVELOPMENT_TEAM = 47BZXPDJKC;
				GENERATE_INFOPLIST_FILE = YES;
				MARKETING_VERSION = 1.0;
				PRODUCT_BUNDLE_IDENTIFIER = "id.pak-eco.Base-ProjectUITests";
				PRODUCT_NAME = "$(TARGET_NAME)";
				SWIFT_EMIT_LOC_STRINGS = NO;
				SWIFT_VERSION = 5.0;
				TARGETED_DEVICE_FAMILY = "1,2";
				TEST_TARGET_NAME = "Base Project";
			};
			name = Release;
		};
/* End XCBuildConfiguration section */

/* Begin XCConfigurationList section */
		D6D0101C2AC6C60800EC51FB /* Build configuration list for PBXProject "Base Project" */ = {
			isa = XCConfigurationList;
			buildConfigurations = (
				D6D010492AC6C60900EC51FB /* Debug */,
				D6D0104A2AC6C60900EC51FB /* Release */,
			);
			defaultConfigurationIsVisible = 0;
			defaultConfigurationName = Release;
		};
		D6D0104B2AC6C60900EC51FB /* Build configuration list for PBXNativeTarget "Base Project" */ = {
			isa = XCConfigurationList;
			buildConfigurations = (
				D6D0104C2AC6C60900EC51FB /* Debug */,
				D6D0104D2AC6C60900EC51FB /* Release */,
			);
			defaultConfigurationIsVisible = 0;
			defaultConfigurationName = Release;
		};
		D6D0104E2AC6C60900EC51FB /* Build configuration list for PBXNativeTarget "Base ProjectTests" */ = {
			isa = XCConfigurationList;
			buildConfigurations = (
				D6D0104F2AC6C60900EC51FB /* Debug */,
				D6D010502AC6C60900EC51FB /* Release */,
			);
			defaultConfigurationIsVisible = 0;
			defaultConfigurationName = Release;
		};
		D6D010512AC6C60900EC51FB /* Build configuration list for PBXNativeTarget "Base ProjectUITests" */ = {
			isa = XCConfigurationList;
			buildConfigurations = (
				D6D010522AC6C60900EC51FB /* Debug */,
				D6D010532AC6C60900EC51FB /* Release */,
			);
			defaultConfigurationIsVisible = 0;
			defaultConfigurationName = Release;
		};
/* End XCConfigurationList section */
	};
	rootObject = D6D010192AC6C60800EC51FB /* Project object */;
}
